
Microsoft Visual Studio Solution File, Format Version 12.00
# Visual Studio Version 16
VisualStudioVersion = 16.0.32002.261
MinimumVisualStudioVersion = 10.0.40219.1
Project("{FAE04EC0-301F-11D3-BF4B-00C04F79EFBC}") = "Centric Team 3", "Centric Team 3.csproj", "{43205DC8-C272-4585-AFF4-AA677F852A57}"
EndProject
Global
	GlobalSection(SolutionConfigurationPlatforms) = preSolution
		Debug|Any CPU = Debug|Any CPU
		Release|Any CPU = Release|Any CPU
	EndGlobalSection
	GlobalSection(ProjectConfigurationPlatforms) = postSolution
		{43205DC8-C272-4585-AFF4-AA677F852A57}.Debug|Any CPU.ActiveCfg = Debug|Any CPU
		{43205DC8-C272-4585-AFF4-AA677F852A57}.Debug|Any CPU.Build.0 = Debug|Any CPU
		{43205DC8-C272-4585-AFF4-AA677F852A57}.Release|Any CPU.ActiveCfg = Release|Any CPU
		{43205DC8-C272-4585-AFF4-AA677F852A57}.Release|Any CPU.Build.0 = Release|Any CPU
	EndGlobalSection
	GlobalSection(SolutionProperties) = preSolution
		HideSolutionNode = FALSE
	EndGlobalSection
	GlobalSection(ExtensibilityGlobals) = postSolution
		SolutionGuid = {02A39EEC-371A-4E61-97E6-A8C2230B622A}
	EndGlobalSection
EndGlobal
